
Microsoft Visual Studio Solution File, Format Version 12.00
# Visual Studio 15
VisualStudioVersion = 15.0.27428.2037
MinimumVisualStudioVersion = 10.0.40219.1
Project("{2150E333-8FDC-42A3-9474-1A3956D46DE8}") = "1.Gün", "1.Gün", "{F85CDB8C-8966-4447-AB80-FDE315171DE0}"
EndProject
Project("{FAE04EC0-301F-11D3-BF4B-00C04F79EFBC}") = "Degiskenler", "Degiskenler\Degiskenler.csproj", "{1022B8D1-19AB-4A7A-83BE-F68E8DF88599}"
EndProject
Project("{FAE04EC0-301F-11D3-BF4B-00C04F79EFBC}") = "KararYapilariVeDonguler", "KararYapilariVeDonguler\KararYapilariVeDonguler.csproj", "{E5406389-C89A-4DEB-9334-3E3E411FDEE6}"
EndProject
Project("{2150E333-8FDC-42A3-9474-1A3956D46DE8}") = "2.Gün", "2.Gün", "{27C56EEC-6360-4649-8483-8978D35AE11E}"
EndProject
Project("{FAE04EC0-301F-11D3-BF4B-00C04F79EFBC}") = "InputIslemleri", "InputIslemleri\InputIslemleri.csproj", "{B2F42C11-2FC8-4CD1-8EC5-EC3CBD6DEAC5}"
EndProject
Project("{FAE04EC0-301F-11D3-BF4B-00C04F79EFBC}") = "Ornekler", "Ornekler\Ornekler.csproj", "{22A86162-E904-4776-A722-D7B68532465F}"
EndProject
Project("{FAE04EC0-301F-11D3-BF4B-00C04F79EFBC}") = "RandomNesnesi", "RandomNesnesi\RandomNesnesi.csproj", "{703CC369-F460-4EB1-9F38-C9FDE6821CDE}"
EndProject
Project("{2150E333-8FDC-42A3-9474-1A3956D46DE8}") = "3.Gün", "3.Gün", "{A70FFCE0-E689-4F14-B7E6-21997DB86992}"
EndProject
Project("{FAE04EC0-301F-11D3-BF4B-00C04F79EFBC}") = "ZarOyunu", "ZarOyunu\ZarOyunu.csproj", "{BFA9E653-4160-4AEE-9504-5CE6F56247E8}"
EndProject
Project("{FAE04EC0-301F-11D3-BF4B-00C04F79EFBC}") = "SayiTahmin", "SayiTahmin\SayiTahmin.csproj", "{C2339C7A-FACF-4BCB-B187-3DAD7A504346}"
EndProject
Project("{FAE04EC0-301F-11D3-BF4B-00C04F79EFBC}") = "Diziler", "Diziler\Diziler.csproj", "{0A707AF7-7D33-498C-986A-A75557F6B730}"
EndProject
Project("{FAE04EC0-301F-11D3-BF4B-00C04F79EFBC}") = "AdamAsmaca", "AdamAsmaca\AdamAsmaca.csproj", "{CE554388-F9EE-4F21-A88F-16CFF8BF4E3E}"
EndProject
Project("{FAE04EC0-301F-11D3-BF4B-00C04F79EFBC}") = "Methodlar", "Methodlar\Methodlar.csproj", "{CFF60DA6-25A6-4047-9691-AE843D95E208}"
EndProject
Project("{FAE04EC0-301F-11D3-BF4B-00C04F79EFBC}") = "Methodlar2", "Methodlar2\Methodlar2.csproj", "{4FAC3DEF-0A04-4C17-95FC-A9311891A12F}"
EndProject
Project("{2150E333-8FDC-42A3-9474-1A3956D46DE8}") = "4.Gün", "4.Gün", "{726474AD-CCE9-4F38-B3F4-E52E1B8086CD}"
EndProject
Project("{FAE04EC0-301F-11D3-BF4B-00C04F79EFBC}") = "AdamAsmacaOyunu", "AdamAsmacaOyunu\AdamAsmacaOyunu.csproj", "{462EB9CB-1E91-41AC-ADA0-1B0403E261B0}"
EndProject
Project("{FAE04EC0-301F-11D3-BF4B-00C04F79EFBC}") = "RefOut", "RefOut\RefOut.csproj", "{22443255-AF27-4D0D-AA40-AF053533E6FB}"
EndProject
Project("{FAE04EC0-301F-11D3-BF4B-00C04F79EFBC}") = "OopPart1", "OopPart1\OopPart1.csproj", "{7318B8AB-2E3B-4F7B-85BA-B351F231D178}"
EndProject
Project("{FAE04EC0-301F-11D3-BF4B-00C04F79EFBC}") = "FormGiris", "FormGiris\FormGiris.csproj", "{C25DAA2A-30D9-4D63-A6BD-52D80E2A9A05}"
EndProject
Project("{2150E333-8FDC-42A3-9474-1A3956D46DE8}") = "5.Gün", "5.Gün", "{A2A5685E-C85A-4CF0-81E1-AEF22BF395BA}"
EndProject
Project("{FAE04EC0-301F-11D3-BF4B-00C04F79EFBC}") = "HesapMakinesi", "HesapMakinesi\HesapMakinesi.csproj", "{6630B8FE-81D1-4DDF-B9BE-BB145EBC6FCC}"
EndProject
Project("{FAE04EC0-301F-11D3-BF4B-00C04F79EFBC}") = "MathStringDateTime", "MathStringDateTime\MathStringDateTime.csproj", "{B4C9C782-5B9C-4245-8525-B66EA2B75B8C}"
EndProject
Project("{FAE04EC0-301F-11D3-BF4B-00C04F79EFBC}") = "StringFonksiyonlarOrnek", "StringFonksiyonlarOrnek\StringFonksiyonlarOrnek.csproj", "{8B129A0B-36F9-45AE-9D22-1B250B7C4A91}"
EndProject
Project("{FAE04EC0-301F-11D3-BF4B-00C04F79EFBC}") = "FormControls", "FormControls\FormControls.csproj", "{471BCD0B-FF41-43F9-A362-020632831CC2}"
EndProject
Project("{2150E333-8FDC-42A3-9474-1A3956D46DE8}") = "6. Gün", "6. Gün", "{227B24CE-8FD2-4B5C-AEF0-833ABF5C65F7}"
EndProject
Project("{FAE04EC0-301F-11D3-BF4B-00C04F79EFBC}") = "Kronometre", "Kronometre\Kronometre.csproj", "{A682172E-3ABC-47E7-AA86-F40A21052695}"
EndProject
Project("{FAE04EC0-301F-11D3-BF4B-00C04F79EFBC}") = "Kalitim", "Kalitim\Kalitim.csproj", "{C6DA0515-2654-4433-9EB6-74CA9F26CBF0}"
EndProject
Project("{2150E333-8FDC-42A3-9474-1A3956D46DE8}") = "7. Gün", "7. Gün", "{673B0929-405F-4E93-9F3A-E28723D26942}"
EndProject
Project("{2150E333-8FDC-42A3-9474-1A3956D46DE8}") = "Overriding", "Overriding", "{98B9B4A2-C264-4AB1-A1BC-FF1BA30C93CE}"
EndProject
Project("{FAE04EC0-301F-11D3-BF4B-00C04F79EFBC}") = "Geometri.Lib", "Geometri.Lib\Geometri.Lib.csproj", "{583FC06B-381F-4D2B-876D-D572DECC12E4}"
EndProject
Project("{FAE04EC0-301F-11D3-BF4B-00C04F79EFBC}") = "Geometri.App", "Geometri.App\Geometri.App.csproj", "{44D023AC-D2FB-4877-B200-507C1BE80EE5}"
EndProject
Project("{2150E333-8FDC-42A3-9474-1A3956D46DE8}") = "Soyutlastirma", "Soyutlastirma", "{F20C05BD-E667-4FFF-A875-42B8F34D884B}"
EndProject
Project("{FAE04EC0-301F-11D3-BF4B-00C04F79EFBC}") = "Soyut.App", "Soyut.App\Soyut.App.csproj", "{49328275-21A0-4CA2-A6D4-64E6AA5E749F}"
EndProject
Project("{FAE04EC0-301F-11D3-BF4B-00C04F79EFBC}") = "Soyut.Lib", "Soyut.Lib\Soyut.Lib.csproj", "{21696747-688F-4070-A1D4-CBD348D08115}"
EndProject
Project("{FAE04EC0-301F-11D3-BF4B-00C04F79EFBC}") = "InterfaceOrnek", "InterfaceOrnek\InterfaceOrnek.csproj", "{1A8DCBAF-8CC7-43AA-A396-DF8289ECFBE6}"
EndProject
Project("{2150E333-8FDC-42A3-9474-1A3956D46DE8}") = "8. Gün", "8. Gün", "{CE6942EF-136E-48B5-B44D-7A6D14BFAEBB}"
EndProject
Project("{2150E333-8FDC-42A3-9474-1A3956D46DE8}") = "Interface Segregation", "Interface Segregation", "{00473FDF-064E-4353-B882-4F1A269B11EC}"
EndProject
Project("{FAE04EC0-301F-11D3-BF4B-00C04F79EFBC}") = "Cs.Lib", "Cs.Lib\Cs.Lib.csproj", "{7613AAE9-1D46-4C52-88F2-6E656411FD31}"
EndProject
Project("{FAE04EC0-301F-11D3-BF4B-00C04F79EFBC}") = "Cs.App", "Cs.App\Cs.App.csproj", "{E25B7A11-DDD2-4862-A103-78FC0867BF0E}"
EndProject
Project("{2150E333-8FDC-42A3-9474-1A3956D46DE8}") = "OperatorOverloading", "OperatorOverloading", "{17EB2E84-455B-4D15-885D-42D5445B42B2}"
EndProject
Project("{FAE04EC0-301F-11D3-BF4B-00C04F79EFBC}") = "OperatorOverloading", "OperatorOverloading\OperatorOverloading.csproj", "{0C858597-864A-4F65-A0B6-AE3E463319C8}"
EndProject
Project("{2150E333-8FDC-42A3-9474-1A3956D46DE8}") = "9. Gün", "9. Gün", "{216B2879-D0CB-46D6-813A-B64FA2883EB3}"
EndProject
Project("{FAE04EC0-301F-11D3-BF4B-00C04F79EFBC}") = "KisiselKontroller", "KisiselKontroller\KisiselKontroller.csproj", "{BCB0E0BB-73C6-46A9-8C04-0D602D777618}"
EndProject
Project("{FAE04EC0-301F-11D3-BF4B-00C04F79EFBC}") = "BinarySerialization", "BinarySerialization\BinarySerialization.csproj", "{AE045706-63FB-41B0-A4EB-2EA3625F7EAD}"
EndProject
Project("{2150E333-8FDC-42A3-9474-1A3956D46DE8}") = "10. Gün", "10. Gün", "{3E3A2D29-CF1C-47A5-8BD5-D7CD7561F851}"
EndProject
Project("{FAE04EC0-301F-11D3-BF4B-00C04F79EFBC}") = "KisiEnvanteriV2", "KisiEnvanteriV2\KisiEnvanteriV2.csproj", "{A9190B7D-02FE-4D91-B8C5-801368B634E7}"
EndProject
Project("{FAE04EC0-301F-11D3-BF4B-00C04F79EFBC}") = "UcakSavarOyunu", "UcakSavarOyunu\UcakSavarOyunu.csproj", "{10EB1D03-FFA3-4151-ACE1-5B678C8E636C}"
EndProject
Project("{2150E333-8FDC-42A3-9474-1A3956D46DE8}") = "11.Gün", "11.Gün", "{A022742A-78C2-4189-A0BD-AB8875ACAA77}"
EndProject
Project("{FAE04EC0-301F-11D3-BF4B-00C04F79EFBC}") = "XmlJsonServislerineBaglanma", "XmlJsonServislerineBaglanma\XmlJsonServislerineBaglanma.csproj", "{4CBC03F1-D205-475F-A69D-0E163BE0C8B3}"
EndProject
Project("{2150E333-8FDC-42A3-9474-1A3956D46DE8}") = "12. Gün", "12. Gün", "{675E3F4D-D057-4C20-AF27-AB73A1C413C5}"
EndProject
Project("{FAE04EC0-301F-11D3-BF4B-00C04F79EFBC}") = "CRMEkranlar", "CRMEkranlar\CRMEkranlar.csproj", "{AA2ACE5F-9183-4F07-863B-AAE7E7A6E062}"
EndProject
Project("{2150E333-8FDC-42A3-9474-1A3956D46DE8}") = "20. Gün", "20. Gün", "{D828B483-B551-4D07-9CA7-B826DB2D5745}"
EndProject
Project("{FAE04EC0-301F-11D3-BF4B-00C04F79EFBC}") = "Ado.Net", "Ado.Net\Ado.Net.csproj", "{6AB13E46-C3D6-452C-BBE0-F9F502502D7B}"
EndProject
Global
	GlobalSection(SolutionConfigurationPlatforms) = preSolution
		Debug|Any CPU = Debug|Any CPU
		Release|Any CPU = Release|Any CPU
	EndGlobalSection
	GlobalSection(ProjectConfigurationPlatforms) = postSolution
		{1022B8D1-19AB-4A7A-83BE-F68E8DF88599}.Debug|Any CPU.ActiveCfg = Debug|Any CPU
		{1022B8D1-19AB-4A7A-83BE-F68E8DF88599}.Debug|Any CPU.Build.0 = Debug|Any CPU
		{1022B8D1-19AB-4A7A-83BE-F68E8DF88599}.Release|Any CPU.ActiveCfg = Release|Any CPU
		{1022B8D1-19AB-4A7A-83BE-F68E8DF88599}.Release|Any CPU.Build.0 = Release|Any CPU
		{E5406389-C89A-4DEB-9334-3E3E411FDEE6}.Debug|Any CPU.ActiveCfg = Debug|Any CPU
		{E5406389-C89A-4DEB-9334-3E3E411FDEE6}.Debug|Any CPU.Build.0 = Debug|Any CPU
		{E5406389-C89A-4DEB-9334-3E3E411FDEE6}.Release|Any CPU.ActiveCfg = Release|Any CPU
		{E5406389-C89A-4DEB-9334-3E3E411FDEE6}.Release|Any CPU.Build.0 = Release|Any CPU
		{B2F42C11-2FC8-4CD1-8EC5-EC3CBD6DEAC5}.Debug|Any CPU.ActiveCfg = Debug|Any CPU
		{B2F42C11-2FC8-4CD1-8EC5-EC3CBD6DEAC5}.Debug|Any CPU.Build.0 = Debug|Any CPU
		{B2F42C11-2FC8-4CD1-8EC5-EC3CBD6DEAC5}.Release|Any CPU.ActiveCfg = Release|Any CPU
		{B2F42C11-2FC8-4CD1-8EC5-EC3CBD6DEAC5}.Release|Any CPU.Build.0 = Release|Any CPU
		{22A86162-E904-4776-A722-D7B68532465F}.Debug|Any CPU.ActiveCfg = Debug|Any CPU
		{22A86162-E904-4776-A722-D7B68532465F}.Debug|Any CPU.Build.0 = Debug|Any CPU
		{22A86162-E904-4776-A722-D7B68532465F}.Release|Any CPU.ActiveCfg = Release|Any CPU
		{22A86162-E904-4776-A722-D7B68532465F}.Release|Any CPU.Build.0 = Release|Any CPU
		{703CC369-F460-4EB1-9F38-C9FDE6821CDE}.Debug|Any CPU.ActiveCfg = Debug|Any CPU
		{703CC369-F460-4EB1-9F38-C9FDE6821CDE}.Debug|Any CPU.Build.0 = Debug|Any CPU
		{703CC369-F460-4EB1-9F38-C9FDE6821CDE}.Release|Any CPU.ActiveCfg = Release|Any CPU
		{703CC369-F460-4EB1-9F38-C9FDE6821CDE}.Release|Any CPU.Build.0 = Release|Any CPU
		{BFA9E653-4160-4AEE-9504-5CE6F56247E8}.Debug|Any CPU.ActiveCfg = Debug|Any CPU
		{BFA9E653-4160-4AEE-9504-5CE6F56247E8}.Debug|Any CPU.Build.0 = Debug|Any CPU
		{BFA9E653-4160-4AEE-9504-5CE6F56247E8}.Release|Any CPU.ActiveCfg = Release|Any CPU
		{BFA9E653-4160-4AEE-9504-5CE6F56247E8}.Release|Any CPU.Build.0 = Release|Any CPU
		{C2339C7A-FACF-4BCB-B187-3DAD7A504346}.Debug|Any CPU.ActiveCfg = Debug|Any CPU
		{C2339C7A-FACF-4BCB-B187-3DAD7A504346}.Debug|Any CPU.Build.0 = Debug|Any CPU
		{C2339C7A-FACF-4BCB-B187-3DAD7A504346}.Release|Any CPU.ActiveCfg = Release|Any CPU
		{C2339C7A-FACF-4BCB-B187-3DAD7A504346}.Release|Any CPU.Build.0 = Release|Any CPU
		{0A707AF7-7D33-498C-986A-A75557F6B730}.Debug|Any CPU.ActiveCfg = Debug|Any CPU
		{0A707AF7-7D33-498C-986A-A75557F6B730}.Debug|Any CPU.Build.0 = Debug|Any CPU
		{0A707AF7-7D33-498C-986A-A75557F6B730}.Release|Any CPU.ActiveCfg = Release|Any CPU
		{0A707AF7-7D33-498C-986A-A75557F6B730}.Release|Any CPU.Build.0 = Release|Any CPU
		{CE554388-F9EE-4F21-A88F-16CFF8BF4E3E}.Debug|Any CPU.ActiveCfg = Debug|Any CPU
		{CE554388-F9EE-4F21-A88F-16CFF8BF4E3E}.Debug|Any CPU.Build.0 = Debug|Any CPU
		{CE554388-F9EE-4F21-A88F-16CFF8BF4E3E}.Release|Any CPU.ActiveCfg = Release|Any CPU
		{CE554388-F9EE-4F21-A88F-16CFF8BF4E3E}.Release|Any CPU.Build.0 = Release|Any CPU
		{CFF60DA6-25A6-4047-9691-AE843D95E208}.Debug|Any CPU.ActiveCfg = Debug|Any CPU
		{CFF60DA6-25A6-4047-9691-AE843D95E208}.Debug|Any CPU.Build.0 = Debug|Any CPU
		{CFF60DA6-25A6-4047-9691-AE843D95E208}.Release|Any CPU.ActiveCfg = Release|Any CPU
		{CFF60DA6-25A6-4047-9691-AE843D95E208}.Release|Any CPU.Build.0 = Release|Any CPU
		{4FAC3DEF-0A04-4C17-95FC-A9311891A12F}.Debug|Any CPU.ActiveCfg = Debug|Any CPU
		{4FAC3DEF-0A04-4C17-95FC-A9311891A12F}.Debug|Any CPU.Build.0 = Debug|Any CPU
		{4FAC3DEF-0A04-4C17-95FC-A9311891A12F}.Release|Any CPU.ActiveCfg = Release|Any CPU
		{4FAC3DEF-0A04-4C17-95FC-A9311891A12F}.Release|Any CPU.Build.0 = Release|Any CPU
		{462EB9CB-1E91-41AC-ADA0-1B0403E261B0}.Debug|Any CPU.ActiveCfg = Debug|Any CPU
		{462EB9CB-1E91-41AC-ADA0-1B0403E261B0}.Debug|Any CPU.Build.0 = Debug|Any CPU
		{462EB9CB-1E91-41AC-ADA0-1B0403E261B0}.Release|Any CPU.ActiveCfg = Release|Any CPU
		{462EB9CB-1E91-41AC-ADA0-1B0403E261B0}.Release|Any CPU.Build.0 = Release|Any CPU
		{22443255-AF27-4D0D-AA40-AF053533E6FB}.Debug|Any CPU.ActiveCfg = Debug|Any CPU
		{22443255-AF27-4D0D-AA40-AF053533E6FB}.Debug|Any CPU.Build.0 = Debug|Any CPU
		{22443255-AF27-4D0D-AA40-AF053533E6FB}.Release|Any CPU.ActiveCfg = Release|Any CPU
		{22443255-AF27-4D0D-AA40-AF053533E6FB}.Release|Any CPU.Build.0 = Release|Any CPU
		{7318B8AB-2E3B-4F7B-85BA-B351F231D178}.Debug|Any CPU.ActiveCfg = Debug|Any CPU
		{7318B8AB-2E3B-4F7B-85BA-B351F231D178}.Debug|Any CPU.Build.0 = Debug|Any CPU
		{7318B8AB-2E3B-4F7B-85BA-B351F231D178}.Release|Any CPU.ActiveCfg = Release|Any CPU
		{7318B8AB-2E3B-4F7B-85BA-B351F231D178}.Release|Any CPU.Build.0 = Release|Any CPU
		{C25DAA2A-30D9-4D63-A6BD-52D80E2A9A05}.Debug|Any CPU.ActiveCfg = Debug|Any CPU
		{C25DAA2A-30D9-4D63-A6BD-52D80E2A9A05}.Debug|Any CPU.Build.0 = Debug|Any CPU
		{C25DAA2A-30D9-4D63-A6BD-52D80E2A9A05}.Release|Any CPU.ActiveCfg = Release|Any CPU
		{C25DAA2A-30D9-4D63-A6BD-52D80E2A9A05}.Release|Any CPU.Build.0 = Release|Any CPU
		{6630B8FE-81D1-4DDF-B9BE-BB145EBC6FCC}.Debug|Any CPU.ActiveCfg = Debug|Any CPU
		{6630B8FE-81D1-4DDF-B9BE-BB145EBC6FCC}.Debug|Any CPU.Build.0 = Debug|Any CPU
		{6630B8FE-81D1-4DDF-B9BE-BB145EBC6FCC}.Release|Any CPU.ActiveCfg = Release|Any CPU
		{6630B8FE-81D1-4DDF-B9BE-BB145EBC6FCC}.Release|Any CPU.Build.0 = Release|Any CPU
		{B4C9C782-5B9C-4245-8525-B66EA2B75B8C}.Debug|Any CPU.ActiveCfg = Debug|Any CPU
		{B4C9C782-5B9C-4245-8525-B66EA2B75B8C}.Debug|Any CPU.Build.0 = Debug|Any CPU
		{B4C9C782-5B9C-4245-8525-B66EA2B75B8C}.Release|Any CPU.ActiveCfg = Release|Any CPU
		{B4C9C782-5B9C-4245-8525-B66EA2B75B8C}.Release|Any CPU.Build.0 = Release|Any CPU
		{8B129A0B-36F9-45AE-9D22-1B250B7C4A91}.Debug|Any CPU.ActiveCfg = Debug|Any CPU
		{8B129A0B-36F9-45AE-9D22-1B250B7C4A91}.Debug|Any CPU.Build.0 = Debug|Any CPU
		{8B129A0B-36F9-45AE-9D22-1B250B7C4A91}.Release|Any CPU.ActiveCfg = Release|Any CPU
		{8B129A0B-36F9-45AE-9D22-1B250B7C4A91}.Release|Any CPU.Build.0 = Release|Any CPU
		{471BCD0B-FF41-43F9-A362-020632831CC2}.Debug|Any CPU.ActiveCfg = Debug|Any CPU
		{471BCD0B-FF41-43F9-A362-020632831CC2}.Debug|Any CPU.Build.0 = Debug|Any CPU
		{471BCD0B-FF41-43F9-A362-020632831CC2}.Release|Any CPU.ActiveCfg = Release|Any CPU
		{471BCD0B-FF41-43F9-A362-020632831CC2}.Release|Any CPU.Build.0 = Release|Any CPU
		{A682172E-3ABC-47E7-AA86-F40A21052695}.Debug|Any CPU.ActiveCfg = Debug|Any CPU
		{A682172E-3ABC-47E7-AA86-F40A21052695}.Debug|Any CPU.Build.0 = Debug|Any CPU
		{A682172E-3ABC-47E7-AA86-F40A21052695}.Release|Any CPU.ActiveCfg = Release|Any CPU
		{A682172E-3ABC-47E7-AA86-F40A21052695}.Release|Any CPU.Build.0 = Release|Any CPU
		{C6DA0515-2654-4433-9EB6-74CA9F26CBF0}.Debug|Any CPU.ActiveCfg = Debug|Any CPU
		{C6DA0515-2654-4433-9EB6-74CA9F26CBF0}.Debug|Any CPU.Build.0 = Debug|Any CPU
		{C6DA0515-2654-4433-9EB6-74CA9F26CBF0}.Release|Any CPU.ActiveCfg = Release|Any CPU
		{C6DA0515-2654-4433-9EB6-74CA9F26CBF0}.Release|Any CPU.Build.0 = Release|Any CPU
		{583FC06B-381F-4D2B-876D-D572DECC12E4}.Debug|Any CPU.ActiveCfg = Debug|Any CPU
		{583FC06B-381F-4D2B-876D-D572DECC12E4}.Debug|Any CPU.Build.0 = Debug|Any CPU
		{583FC06B-381F-4D2B-876D-D572DECC12E4}.Release|Any CPU.ActiveCfg = Release|Any CPU
		{583FC06B-381F-4D2B-876D-D572DECC12E4}.Release|Any CPU.Build.0 = Release|Any CPU
		{44D023AC-D2FB-4877-B200-507C1BE80EE5}.Debug|Any CPU.ActiveCfg = Debug|Any CPU
		{44D023AC-D2FB-4877-B200-507C1BE80EE5}.Debug|Any CPU.Build.0 = Debug|Any CPU
		{44D023AC-D2FB-4877-B200-507C1BE80EE5}.Release|Any CPU.ActiveCfg = Release|Any CPU
		{44D023AC-D2FB-4877-B200-507C1BE80EE5}.Release|Any CPU.Build.0 = Release|Any CPU
		{49328275-21A0-4CA2-A6D4-64E6AA5E749F}.Debug|Any CPU.ActiveCfg = Debug|Any CPU
		{49328275-21A0-4CA2-A6D4-64E6AA5E749F}.Debug|Any CPU.Build.0 = Debug|Any CPU
		{49328275-21A0-4CA2-A6D4-64E6AA5E749F}.Release|Any CPU.ActiveCfg = Release|Any CPU
		{49328275-21A0-4CA2-A6D4-64E6AA5E749F}.Release|Any CPU.Build.0 = Release|Any CPU
		{21696747-688F-4070-A1D4-CBD348D08115}.Debug|Any CPU.ActiveCfg = Debug|Any CPU
		{21696747-688F-4070-A1D4-CBD348D08115}.Debug|Any CPU.Build.0 = Debug|Any CPU
		{21696747-688F-4070-A1D4-CBD348D08115}.Release|Any CPU.ActiveCfg = Release|Any CPU
		{21696747-688F-4070-A1D4-CBD348D08115}.Release|Any CPU.Build.0 = Release|Any CPU
		{1A8DCBAF-8CC7-43AA-A396-DF8289ECFBE6}.Debug|Any CPU.ActiveCfg = Debug|Any CPU
		{1A8DCBAF-8CC7-43AA-A396-DF8289ECFBE6}.Debug|Any CPU.Build.0 = Debug|Any CPU
		{1A8DCBAF-8CC7-43AA-A396-DF8289ECFBE6}.Release|Any CPU.ActiveCfg = Release|Any CPU
		{1A8DCBAF-8CC7-43AA-A396-DF8289ECFBE6}.Release|Any CPU.Build.0 = Release|Any CPU
		{7613AAE9-1D46-4C52-88F2-6E656411FD31}.Debug|Any CPU.ActiveCfg = Debug|Any CPU
		{7613AAE9-1D46-4C52-88F2-6E656411FD31}.Debug|Any CPU.Build.0 = Debug|Any CPU
		{7613AAE9-1D46-4C52-88F2-6E656411FD31}.Release|Any CPU.ActiveCfg = Release|Any CPU
		{7613AAE9-1D46-4C52-88F2-6E656411FD31}.Release|Any CPU.Build.0 = Release|Any CPU
		{E25B7A11-DDD2-4862-A103-78FC0867BF0E}.Debug|Any CPU.ActiveCfg = Debug|Any CPU
		{E25B7A11-DDD2-4862-A103-78FC0867BF0E}.Debug|Any CPU.Build.0 = Debug|Any CPU
		{E25B7A11-DDD2-4862-A103-78FC0867BF0E}.Release|Any CPU.ActiveCfg = Release|Any CPU
		{E25B7A11-DDD2-4862-A103-78FC0867BF0E}.Release|Any CPU.Build.0 = Release|Any CPU
		{0C858597-864A-4F65-A0B6-AE3E463319C8}.Debug|Any CPU.ActiveCfg = Debug|Any CPU
		{0C858597-864A-4F65-A0B6-AE3E463319C8}.Debug|Any CPU.Build.0 = Debug|Any CPU
		{0C858597-864A-4F65-A0B6-AE3E463319C8}.Release|Any CPU.ActiveCfg = Release|Any CPU
		{0C858597-864A-4F65-A0B6-AE3E463319C8}.Release|Any CPU.Build.0 = Release|Any CPU
		{BCB0E0BB-73C6-46A9-8C04-0D602D777618}.Debug|Any CPU.ActiveCfg = Debug|Any CPU
		{BCB0E0BB-73C6-46A9-8C04-0D602D777618}.Debug|Any CPU.Build.0 = Debug|Any CPU
		{BCB0E0BB-73C6-46A9-8C04-0D602D777618}.Release|Any CPU.ActiveCfg = Release|Any CPU
		{BCB0E0BB-73C6-46A9-8C04-0D602D777618}.Release|Any CPU.Build.0 = Release|Any CPU
		{AE045706-63FB-41B0-A4EB-2EA3625F7EAD}.Debug|Any CPU.ActiveCfg = Debug|Any CPU
		{AE045706-63FB-41B0-A4EB-2EA3625F7EAD}.Debug|Any CPU.Build.0 = Debug|Any CPU
		{AE045706-63FB-41B0-A4EB-2EA3625F7EAD}.Release|Any CPU.ActiveCfg = Release|Any CPU
		{AE045706-63FB-41B0-A4EB-2EA3625F7EAD}.Release|Any CPU.Build.0 = Release|Any CPU
		{A9190B7D-02FE-4D91-B8C5-801368B634E7}.Debug|Any CPU.ActiveCfg = Debug|Any CPU
		{A9190B7D-02FE-4D91-B8C5-801368B634E7}.Debug|Any CPU.Build.0 = Debug|Any CPU
		{A9190B7D-02FE-4D91-B8C5-801368B634E7}.Release|Any CPU.ActiveCfg = Release|Any CPU
		{A9190B7D-02FE-4D91-B8C5-801368B634E7}.Release|Any CPU.Build.0 = Release|Any CPU
		{10EB1D03-FFA3-4151-ACE1-5B678C8E636C}.Debug|Any CPU.ActiveCfg = Debug|Any CPU
		{10EB1D03-FFA3-4151-ACE1-5B678C8E636C}.Debug|Any CPU.Build.0 = Debug|Any CPU
		{10EB1D03-FFA3-4151-ACE1-5B678C8E636C}.Release|Any CPU.ActiveCfg = Release|Any CPU
		{10EB1D03-FFA3-4151-ACE1-5B678C8E636C}.Release|Any CPU.Build.0 = Release|Any CPU
		{4CBC03F1-D205-475F-A69D-0E163BE0C8B3}.Debug|Any CPU.ActiveCfg = Debug|Any CPU
		{4CBC03F1-D205-475F-A69D-0E163BE0C8B3}.Debug|Any CPU.Build.0 = Debug|Any CPU
		{4CBC03F1-D205-475F-A69D-0E163BE0C8B3}.Release|Any CPU.ActiveCfg = Release|Any CPU
		{4CBC03F1-D205-475F-A69D-0E163BE0C8B3}.Release|Any CPU.Build.0 = Release|Any CPU
		{AA2ACE5F-9183-4F07-863B-AAE7E7A6E062}.Debug|Any CPU.ActiveCfg = Debug|Any CPU
		{AA2ACE5F-9183-4F07-863B-AAE7E7A6E062}.Debug|Any CPU.Build.0 = Debug|Any CPU
		{AA2ACE5F-9183-4F07-863B-AAE7E7A6E062}.Release|Any CPU.ActiveCfg = Release|Any CPU
		{AA2ACE5F-9183-4F07-863B-AAE7E7A6E062}.Release|Any CPU.Build.0 = Release|Any CPU
		{6AB13E46-C3D6-452C-BBE0-F9F502502D7B}.Debug|Any CPU.ActiveCfg = Debug|Any CPU
		{6AB13E46-C3D6-452C-BBE0-F9F502502D7B}.Debug|Any CPU.Build.0 = Debug|Any CPU
		{6AB13E46-C3D6-452C-BBE0-F9F502502D7B}.Release|Any CPU.ActiveCfg = Release|Any CPU
		{6AB13E46-C3D6-452C-BBE0-F9F502502D7B}.Release|Any CPU.Build.0 = Release|Any CPU
	EndGlobalSection
	GlobalSection(SolutionProperties) = preSolution
		HideSolutionNode = FALSE
	EndGlobalSection
	GlobalSection(NestedProjects) = preSolution
		{1022B8D1-19AB-4A7A-83BE-F68E8DF88599} = {F85CDB8C-8966-4447-AB80-FDE315171DE0}
		{E5406389-C89A-4DEB-9334-3E3E411FDEE6} = {F85CDB8C-8966-4447-AB80-FDE315171DE0}
		{B2F42C11-2FC8-4CD1-8EC5-EC3CBD6DEAC5} = {27C56EEC-6360-4649-8483-8978D35AE11E}
		{22A86162-E904-4776-A722-D7B68532465F} = {27C56EEC-6360-4649-8483-8978D35AE11E}
		{703CC369-F460-4EB1-9F38-C9FDE6821CDE} = {27C56EEC-6360-4649-8483-8978D35AE11E}
		{BFA9E653-4160-4AEE-9504-5CE6F56247E8} = {A70FFCE0-E689-4F14-B7E6-21997DB86992}
		{C2339C7A-FACF-4BCB-B187-3DAD7A504346} = {A70FFCE0-E689-4F14-B7E6-21997DB86992}
		{0A707AF7-7D33-498C-986A-A75557F6B730} = {A70FFCE0-E689-4F14-B7E6-21997DB86992}
		{CE554388-F9EE-4F21-A88F-16CFF8BF4E3E} = {A70FFCE0-E689-4F14-B7E6-21997DB86992}
		{CFF60DA6-25A6-4047-9691-AE843D95E208} = {A70FFCE0-E689-4F14-B7E6-21997DB86992}
		{4FAC3DEF-0A04-4C17-95FC-A9311891A12F} = {A70FFCE0-E689-4F14-B7E6-21997DB86992}
		{462EB9CB-1E91-41AC-ADA0-1B0403E261B0} = {726474AD-CCE9-4F38-B3F4-E52E1B8086CD}
		{22443255-AF27-4D0D-AA40-AF053533E6FB} = {726474AD-CCE9-4F38-B3F4-E52E1B8086CD}
		{7318B8AB-2E3B-4F7B-85BA-B351F231D178} = {726474AD-CCE9-4F38-B3F4-E52E1B8086CD}
		{C25DAA2A-30D9-4D63-A6BD-52D80E2A9A05} = {726474AD-CCE9-4F38-B3F4-E52E1B8086CD}
		{6630B8FE-81D1-4DDF-B9BE-BB145EBC6FCC} = {A2A5685E-C85A-4CF0-81E1-AEF22BF395BA}
		{B4C9C782-5B9C-4245-8525-B66EA2B75B8C} = {A2A5685E-C85A-4CF0-81E1-AEF22BF395BA}
		{8B129A0B-36F9-45AE-9D22-1B250B7C4A91} = {A2A5685E-C85A-4CF0-81E1-AEF22BF395BA}
		{471BCD0B-FF41-43F9-A362-020632831CC2} = {A2A5685E-C85A-4CF0-81E1-AEF22BF395BA}
		{A682172E-3ABC-47E7-AA86-F40A21052695} = {227B24CE-8FD2-4B5C-AEF0-833ABF5C65F7}
		{C6DA0515-2654-4433-9EB6-74CA9F26CBF0} = {227B24CE-8FD2-4B5C-AEF0-833ABF5C65F7}
		{98B9B4A2-C264-4AB1-A1BC-FF1BA30C93CE} = {673B0929-405F-4E93-9F3A-E28723D26942}
		{583FC06B-381F-4D2B-876D-D572DECC12E4} = {98B9B4A2-C264-4AB1-A1BC-FF1BA30C93CE}
		{44D023AC-D2FB-4877-B200-507C1BE80EE5} = {98B9B4A2-C264-4AB1-A1BC-FF1BA30C93CE}
		{F20C05BD-E667-4FFF-A875-42B8F34D884B} = {673B0929-405F-4E93-9F3A-E28723D26942}
		{49328275-21A0-4CA2-A6D4-64E6AA5E749F} = {F20C05BD-E667-4FFF-A875-42B8F34D884B}
		{21696747-688F-4070-A1D4-CBD348D08115} = {F20C05BD-E667-4FFF-A875-42B8F34D884B}
		{1A8DCBAF-8CC7-43AA-A396-DF8289ECFBE6} = {673B0929-405F-4E93-9F3A-E28723D26942}
		{00473FDF-064E-4353-B882-4F1A269B11EC} = {CE6942EF-136E-48B5-B44D-7A6D14BFAEBB}
		{7613AAE9-1D46-4C52-88F2-6E656411FD31} = {00473FDF-064E-4353-B882-4F1A269B11EC}
		{E25B7A11-DDD2-4862-A103-78FC0867BF0E} = {00473FDF-064E-4353-B882-4F1A269B11EC}
		{17EB2E84-455B-4D15-885D-42D5445B42B2} = {CE6942EF-136E-48B5-B44D-7A6D14BFAEBB}
		{0C858597-864A-4F65-A0B6-AE3E463319C8} = {17EB2E84-455B-4D15-885D-42D5445B42B2}
		{BCB0E0BB-73C6-46A9-8C04-0D602D777618} = {216B2879-D0CB-46D6-813A-B64FA2883EB3}
		{AE045706-63FB-41B0-A4EB-2EA3625F7EAD} = {216B2879-D0CB-46D6-813A-B64FA2883EB3}
		{A9190B7D-02FE-4D91-B8C5-801368B634E7} = {3E3A2D29-CF1C-47A5-8BD5-D7CD7561F851}
		{10EB1D03-FFA3-4151-ACE1-5B678C8E636C} = {3E3A2D29-CF1C-47A5-8BD5-D7CD7561F851}
		{4CBC03F1-D205-475F-A69D-0E163BE0C8B3} = {A022742A-78C2-4189-A0BD-AB8875ACAA77}
		{AA2ACE5F-9183-4F07-863B-AAE7E7A6E062} = {675E3F4D-D057-4C20-AF27-AB73A1C413C5}
		{6AB13E46-C3D6-452C-BBE0-F9F502502D7B} = {D828B483-B551-4D07-9CA7-B826DB2D5745}
	EndGlobalSection
	GlobalSection(ExtensibilityGlobals) = postSolution
		SolutionGuid = {77CFE293-9493-4105-934D-628D993AE8B9}
	EndGlobalSection
EndGlobal
